{
  "requires": true,
  "lockfileVersion": 1,
  "dependencies": {
    "@pixi/filter-glow": {
      "version": "5.2.1",
      "resolved": "https://registry.npmjs.org/@pixi/filter-glow/-/filter-glow-5.2.1.tgz",
      "integrity": "sha512-94I4XePDF9yqqA6KQuhPSphEHPJ2lXfqJLn0Bes8VVdwft0Ianj1wALqjoSUeBWqiJbhjBEXGDNkRZhPHvY3Xg=="
    }
  }
}
